
Microsoft Visual Studio Solution File, Format Version 12.00
# Visual Studio Version 16
VisualStudioVersion = 16.0.31605.320
MinimumVisualStudioVersion = 10.0.40219.1
Project("{FAE04EC0-301F-11D3-BF4B-00C04F79EFBC}") = "CST150W6A14", "CST150W6A14\CST150W6A14.csproj", "{CD7EB0E5-F11C-4C40-9F1B-AACD047B142B}"
EndProject
Global
	GlobalSection(SolutionConfigurationPlatforms) = preSolution
		Debug|Any CPU = Debug|Any CPU
		Release|Any CPU = Release|Any CPU
	EndGlobalSection
	GlobalSection(ProjectConfigurationPlatforms) = postSolution
		{CD7EB0E5-F11C-4C40-9F1B-AACD047B142B}.Debug|Any CPU.ActiveCfg = Debug|Any CPU
		{CD7EB0E5-F11C-4C40-9F1B-AACD047B142B}.Debug|Any CPU.Build.0 = Debug|Any CPU
		{CD7EB0E5-F11C-4C40-9F1B-AACD047B142B}.Release|Any CPU.ActiveCfg = Release|Any CPU
		{CD7EB0E5-F11C-4C40-9F1B-AACD047B142B}.Release|Any CPU.Build.0 = Release|Any CPU
	EndGlobalSection
	GlobalSection(SolutionProperties) = preSolution
		HideSolutionNode = FALSE
	EndGlobalSection
	GlobalSection(ExtensibilityGlobals) = postSolution
		SolutionGuid = {FBB03664-3853-498A-8EA1-5E6315ED4C1C}
	EndGlobalSection
EndGlobal
